
Microsoft Visual Studio Solution File, Format Version 12.00
# Visual Studio Version 17
VisualStudioVersion = 17.4.33205.214
MinimumVisualStudioVersion = 10.0.40219.1
Project("{FAE04EC0-301F-11D3-BF4B-00C04F79EFBC}") = "Centro777", "Centro777\Centro777.csproj", "{A601539E-B555-4017-930E-9BABE7BD9F19}"
EndProject
Global
	GlobalSection(SolutionConfigurationPlatforms) = preSolution
		Debug|Any CPU = Debug|Any CPU
		Release|Any CPU = Release|Any CPU
	EndGlobalSection
	GlobalSection(ProjectConfigurationPlatforms) = postSolution
		{A601539E-B555-4017-930E-9BABE7BD9F19}.Debug|Any CPU.ActiveCfg = Debug|Any CPU
		{A601539E-B555-4017-930E-9BABE7BD9F19}.Debug|Any CPU.Build.0 = Debug|Any CPU
		{A601539E-B555-4017-930E-9BABE7BD9F19}.Release|Any CPU.ActiveCfg = Release|Any CPU
		{A601539E-B555-4017-930E-9BABE7BD9F19}.Release|Any CPU.Build.0 = Release|Any CPU
	EndGlobalSection
	GlobalSection(SolutionProperties) = preSolution
		HideSolutionNode = FALSE
	EndGlobalSection
	GlobalSection(ExtensibilityGlobals) = postSolution
		SolutionGuid = {939621DE-50DA-4C72-8626-AEA73E5BEE10}
	EndGlobalSection
EndGlobal
